
Microsoft Visual Studio Solution File, Format Version 12.00
# Visual Studio Version 16
VisualStudioVersion = 16.0.32126.315
MinimumVisualStudioVersion = 10.0.40219.1
Project("{FAE04EC0-301F-11D3-BF4B-00C04F79EFBC}") = "Task2Wpf", "Task2Wpf\Task2Wpf.csproj", "{E7C5A3D7-D083-4A5D-AC35-D1F9B8436299}"
EndProject
Global
	GlobalSection(SolutionConfigurationPlatforms) = preSolution
		Debug|Any CPU = Debug|Any CPU
		Release|Any CPU = Release|Any CPU
	EndGlobalSection
	GlobalSection(ProjectConfigurationPlatforms) = postSolution
		{E7C5A3D7-D083-4A5D-AC35-D1F9B8436299}.Debug|Any CPU.ActiveCfg = Debug|Any CPU
		{E7C5A3D7-D083-4A5D-AC35-D1F9B8436299}.Debug|Any CPU.Build.0 = Debug|Any CPU
		{E7C5A3D7-D083-4A5D-AC35-D1F9B8436299}.Release|Any CPU.ActiveCfg = Release|Any CPU
		{E7C5A3D7-D083-4A5D-AC35-D1F9B8436299}.Release|Any CPU.Build.0 = Release|Any CPU
	EndGlobalSection
	GlobalSection(SolutionProperties) = preSolution
		HideSolutionNode = FALSE
	EndGlobalSection
	GlobalSection(ExtensibilityGlobals) = postSolution
		SolutionGuid = {137E75B9-6FC5-4B7A-BABB-2C0D5F8AC36C}
	EndGlobalSection
EndGlobal
